
Microsoft Visual Studio Solution File, Format Version 12.00
# Visual Studio Version 16
VisualStudioVersion = 16.0.31229.75
MinimumVisualStudioVersion = 10.0.40219.1
Project("{FAE04EC0-301F-11D3-BF4B-00C04F79EFBC}") = "Dominio", "Dominio\Dominio.csproj", "{9699E3B6-0A9F-4080-B35C-E26F190F7E6F}"
EndProject
Project("{FAE04EC0-301F-11D3-BF4B-00C04F79EFBC}") = "Repositorios", "Datos\Repositorios.csproj", "{130FD1EA-40EB-431B-885A-C26553F9F385}"
EndProject
Project("{FAE04EC0-301F-11D3-BF4B-00C04F79EFBC}") = "Auxiliar", "Auxiliar\Auxiliar.csproj", "{FF1EB683-8558-4BCF-AD31-E3A4BDBC0DB0}"
EndProject
Project("{FAE04EC0-301F-11D3-BF4B-00C04F79EFBC}") = "ClubDeportivo", "ClubDeportivo\ClubDeportivo.csproj", "{18EDC4DD-5B95-4537-8194-80F7F77B7A37}"
	ProjectSection(ProjectDependencies) = postProject
		{ADF08E6E-E9F7-4C99-B3C1-ABA3243081BC} = {ADF08E6E-E9F7-4C99-B3C1-ABA3243081BC}
	EndProjectSection
EndProject
Project("{E24C65DC-7377-472B-9ABA-BC803B73C61A}") = "WCFService1", "WCFService1\", "{ADF08E6E-E9F7-4C99-B3C1-ABA3243081BC}"
	ProjectSection(WebsiteProperties) = preProject
		TargetFrameworkMoniker = ".NETFramework,Version%3Dv4.7.2"
		ProjectReferences = "{9699e3b6-0a9f-4080-b35c-e26f190f7e6f}|Dominio.dll;{130fd1ea-40eb-431b-885a-c26553f9f385}|Datos.dll;{7F135640-9E8C-446D-97BB-EADECB1A4C3C}|CryptoUtils.dll;"
		Debug.AspNetCompiler.VirtualPath = "/localhost_5296"
		Debug.AspNetCompiler.PhysicalPath = "WCFService1\"
		Debug.AspNetCompiler.TargetPath = "PrecompiledWeb\localhost_5296\"
		Debug.AspNetCompiler.Updateable = "true"
		Debug.AspNetCompiler.ForceOverwrite = "true"
		Debug.AspNetCompiler.FixedNames = "false"
		Debug.AspNetCompiler.Debug = "True"
		Release.AspNetCompiler.VirtualPath = "/localhost_5296"
		Release.AspNetCompiler.PhysicalPath = "WCFService1\"
		Release.AspNetCompiler.TargetPath = "PrecompiledWeb\localhost_5296\"
		Release.AspNetCompiler.Updateable = "true"
		Release.AspNetCompiler.ForceOverwrite = "true"
		Release.AspNetCompiler.FixedNames = "false"
		Release.AspNetCompiler.Debug = "False"
		VWDPort = "5296"
		SlnRelativePath = "WCFService1\"
		DefaultWebSiteLanguage = "Visual C#"
	EndProjectSection
EndProject
Project("{FAE04EC0-301F-11D3-BF4B-00C04F79EFBC}") = "CryptoUtils", "CryptoUtils\CryptoUtils.csproj", "{7F135640-9E8C-446D-97BB-EADECB1A4C3C}"
EndProject
Global
	GlobalSection(SolutionConfigurationPlatforms) = preSolution
		Debug|Any CPU = Debug|Any CPU
		Release|Any CPU = Release|Any CPU
	EndGlobalSection
	GlobalSection(ProjectConfigurationPlatforms) = postSolution
		{9699E3B6-0A9F-4080-B35C-E26F190F7E6F}.Debug|Any CPU.ActiveCfg = Debug|Any CPU
		{9699E3B6-0A9F-4080-B35C-E26F190F7E6F}.Debug|Any CPU.Build.0 = Debug|Any CPU
		{9699E3B6-0A9F-4080-B35C-E26F190F7E6F}.Release|Any CPU.ActiveCfg = Release|Any CPU
		{9699E3B6-0A9F-4080-B35C-E26F190F7E6F}.Release|Any CPU.Build.0 = Release|Any CPU
		{130FD1EA-40EB-431B-885A-C26553F9F385}.Debug|Any CPU.ActiveCfg = Debug|Any CPU
		{130FD1EA-40EB-431B-885A-C26553F9F385}.Debug|Any CPU.Build.0 = Debug|Any CPU
		{130FD1EA-40EB-431B-885A-C26553F9F385}.Release|Any CPU.ActiveCfg = Release|Any CPU
		{130FD1EA-40EB-431B-885A-C26553F9F385}.Release|Any CPU.Build.0 = Release|Any CPU
		{FF1EB683-8558-4BCF-AD31-E3A4BDBC0DB0}.Debug|Any CPU.ActiveCfg = Debug|Any CPU
		{FF1EB683-8558-4BCF-AD31-E3A4BDBC0DB0}.Debug|Any CPU.Build.0 = Debug|Any CPU
		{FF1EB683-8558-4BCF-AD31-E3A4BDBC0DB0}.Release|Any CPU.ActiveCfg = Release|Any CPU
		{FF1EB683-8558-4BCF-AD31-E3A4BDBC0DB0}.Release|Any CPU.Build.0 = Release|Any CPU
		{18EDC4DD-5B95-4537-8194-80F7F77B7A37}.Debug|Any CPU.ActiveCfg = Debug|Any CPU
		{18EDC4DD-5B95-4537-8194-80F7F77B7A37}.Debug|Any CPU.Build.0 = Debug|Any CPU
		{18EDC4DD-5B95-4537-8194-80F7F77B7A37}.Release|Any CPU.ActiveCfg = Release|Any CPU
		{18EDC4DD-5B95-4537-8194-80F7F77B7A37}.Release|Any CPU.Build.0 = Release|Any CPU
		{ADF08E6E-E9F7-4C99-B3C1-ABA3243081BC}.Debug|Any CPU.ActiveCfg = Debug|Any CPU
		{ADF08E6E-E9F7-4C99-B3C1-ABA3243081BC}.Debug|Any CPU.Build.0 = Debug|Any CPU
		{ADF08E6E-E9F7-4C99-B3C1-ABA3243081BC}.Release|Any CPU.ActiveCfg = Debug|Any CPU
		{ADF08E6E-E9F7-4C99-B3C1-ABA3243081BC}.Release|Any CPU.Build.0 = Debug|Any CPU
		{7F135640-9E8C-446D-97BB-EADECB1A4C3C}.Debug|Any CPU.ActiveCfg = Debug|Any CPU
		{7F135640-9E8C-446D-97BB-EADECB1A4C3C}.Debug|Any CPU.Build.0 = Debug|Any CPU
		{7F135640-9E8C-446D-97BB-EADECB1A4C3C}.Release|Any CPU.ActiveCfg = Release|Any CPU
		{7F135640-9E8C-446D-97BB-EADECB1A4C3C}.Release|Any CPU.Build.0 = Release|Any CPU
	EndGlobalSection
	GlobalSection(SolutionProperties) = preSolution
		HideSolutionNode = FALSE
	EndGlobalSection
	GlobalSection(ExtensibilityGlobals) = postSolution
		SolutionGuid = {BC84E371-6A33-4F8C-B774-C407542CA4EF}
	EndGlobalSection
EndGlobal
