
Microsoft Visual Studio Solution File, Format Version 12.00
# Visual Studio Version 16
VisualStudioVersion = 16.0.31613.86
MinimumVisualStudioVersion = 10.0.40219.1
Project("{FAE04EC0-301F-11D3-BF4B-00C04F79EFBC}") = "PruebasProg3", "PruebasProg3\PruebasProg3.csproj", "{09F0BEF4-D3AD-4506-B069-31B84ADBDBAC}"
EndProject
Global
	GlobalSection(SolutionConfigurationPlatforms) = preSolution
		Debug|Any CPU = Debug|Any CPU
		Release|Any CPU = Release|Any CPU
	EndGlobalSection
	GlobalSection(ProjectConfigurationPlatforms) = postSolution
		{09F0BEF4-D3AD-4506-B069-31B84ADBDBAC}.Debug|Any CPU.ActiveCfg = Debug|Any CPU
		{09F0BEF4-D3AD-4506-B069-31B84ADBDBAC}.Debug|Any CPU.Build.0 = Debug|Any CPU
		{09F0BEF4-D3AD-4506-B069-31B84ADBDBAC}.Release|Any CPU.ActiveCfg = Release|Any CPU
		{09F0BEF4-D3AD-4506-B069-31B84ADBDBAC}.Release|Any CPU.Build.0 = Release|Any CPU
	EndGlobalSection
	GlobalSection(SolutionProperties) = preSolution
		HideSolutionNode = FALSE
	EndGlobalSection
	GlobalSection(ExtensibilityGlobals) = postSolution
		SolutionGuid = {A9882978-CF2F-4DED-9635-17450FE611DF}
	EndGlobalSection
EndGlobal
